
Microsoft Visual Studio Solution File, Format Version 12.00
# Visual Studio 14
VisualStudioVersion = 14.0.25420.1
MinimumVisualStudioVersion = 10.0.40219.1
Project("{FAE04EC0-301F-11D3-BF4B-00C04F79EFBC}") = "Pdb-Magician", "Pdb-Magician\Pdb-Magician.csproj", "{AD81745F-F82A-414A-8ADC-70571B888CF2}"
EndProject
Project("{FAE04EC0-301F-11D3-BF4B-00C04F79EFBC}") = "TestHarness", "TestHarness\TestHarness.csproj", "{8583184E-EEBE-434C-9749-DBA719E999CE}"
EndProject
Global
	GlobalSection(SolutionConfigurationPlatforms) = preSolution
		Debug|Any CPU = Debug|Any CPU
		Release|Any CPU = Release|Any CPU
	EndGlobalSection
	GlobalSection(ProjectConfigurationPlatforms) = postSolution
		{AD81745F-F82A-414A-8ADC-70571B888CF2}.Debug|Any CPU.ActiveCfg = Debug|Any CPU
		{AD81745F-F82A-414A-8ADC-70571B888CF2}.Debug|Any CPU.Build.0 = Debug|Any CPU
		{AD81745F-F82A-414A-8ADC-70571B888CF2}.Release|Any CPU.ActiveCfg = Release|Any CPU
		{AD81745F-F82A-414A-8ADC-70571B888CF2}.Release|Any CPU.Build.0 = Release|Any CPU
		{8583184E-EEBE-434C-9749-DBA719E999CE}.Debug|Any CPU.ActiveCfg = Debug|Any CPU
		{8583184E-EEBE-434C-9749-DBA719E999CE}.Debug|Any CPU.Build.0 = Debug|Any CPU
		{8583184E-EEBE-434C-9749-DBA719E999CE}.Release|Any CPU.ActiveCfg = Release|Any CPU
		{8583184E-EEBE-434C-9749-DBA719E999CE}.Release|Any CPU.Build.0 = Release|Any CPU
	EndGlobalSection
	GlobalSection(SolutionProperties) = preSolution
		HideSolutionNode = FALSE
	EndGlobalSection
EndGlobal
